
Microsoft Visual Studio Solution File, Format Version 12.00
# Visual Studio 15
VisualStudioVersion = 15.0.27703.2035
MinimumVisualStudioVersion = 10.0.40219.1
Project("{2150E333-8FDC-42A3-9474-1A3956D46DE8}") = "DM Solution Doccumentation", "DM Solution Doccumentation", "{46780486-2413-4DA8-9B70-7982884C60E1}"
	ProjectSection(SolutionItems) = preProject
		DM Solution Documentation\Coffee Merchant Dimensional Model.vsdx = DM Solution Documentation\Coffee Merchant Dimensional Model.vsdx
		DM Solution Documentation\Coffee Merchant Solution Documentation.docx = DM Solution Documentation\Coffee Merchant Solution Documentation.docx
		DM Solution Documentation\Coffee Merchant Solution Workbook.xlsx = DM Solution Documentation\Coffee Merchant Solution Workbook.xlsx
	EndProjectSection
EndProject
Global
	GlobalSection(SolutionProperties) = preSolution
		HideSolutionNode = FALSE
	EndGlobalSection
	GlobalSection(ExtensibilityGlobals) = postSolution
		SolutionGuid = {F9B403B2-D55E-4C78-83E9-F45B86AD6392}
	EndGlobalSection
EndGlobal
